
Microsoft Visual Studio Solution File, Format Version 12.00
# Visual Studio 15
VisualStudioVersion = 15.0.28307.645
MinimumVisualStudioVersion = 10.0.40219.1
Project("{FAE04EC0-301F-11D3-BF4B-00C04F79EFBC}") = "ProjectTemplate", "ProjectTemplate\ProjectTemplate.csproj", "{259A06F5-E8C4-4730-AC3C-F3118159CBD7}"
EndProject
Global
	GlobalSection(SolutionConfigurationPlatforms) = preSolution
		Debug|Any CPU = Debug|Any CPU
		Release|Any CPU = Release|Any CPU
	EndGlobalSection
	GlobalSection(ProjectConfigurationPlatforms) = postSolution
		{259A06F5-E8C4-4730-AC3C-F3118159CBD7}.Debug|Any CPU.ActiveCfg = Debug|Any CPU
		{259A06F5-E8C4-4730-AC3C-F3118159CBD7}.Debug|Any CPU.Build.0 = Debug|Any CPU
		{259A06F5-E8C4-4730-AC3C-F3118159CBD7}.Release|Any CPU.ActiveCfg = Release|Any CPU
		{259A06F5-E8C4-4730-AC3C-F3118159CBD7}.Release|Any CPU.Build.0 = Release|Any CPU
	EndGlobalSection
	GlobalSection(SolutionProperties) = preSolution
		HideSolutionNode = FALSE
	EndGlobalSection
	GlobalSection(ExtensibilityGlobals) = postSolution
		SolutionGuid = {322D1DB1-4E81-4AAE-94D7-74E6547506E6}
	EndGlobalSection
EndGlobal
